
Microsoft Visual Studio Solution File, Format Version 12.00
# Visual Studio Version 16
VisualStudioVersion = 16.0.29209.62
MinimumVisualStudioVersion = 10.0.40219.1
Project("{FAE04EC0-301F-11D3-BF4B-00C04F79EFBC}") = "FruityEd.UWP", "FruityEd.UWP\FruityEd.UWP.csproj", "{73AA2A88-C6E5-4810-8CAF-BC610FFB3E50}"
EndProject
Project("{FAE04EC0-301F-11D3-BF4B-00C04F79EFBC}") = "FruityEd.Android", "FruityEd.Android\FruityEd.Android.csproj", "{C0BEF65E-829E-4599-84A1-CD3FF61C598F}"
EndProject
Project("{FAE04EC0-301F-11D3-BF4B-00C04F79EFBC}") = "FruityEd.iOS", "FruityEd.iOS\FruityEd.iOS.csproj", "{CE3C96A1-2B39-44F2-9A8C-E4AE9918D7D0}"
EndProject
Project("{FAE04EC0-301F-11D3-BF4B-00C04F79EFBC}") = "FruityEd.MobileAppService", "FruityEd.MobileAppService\FruityEd.MobileAppService.csproj", "{6FA601F4-7417-4D0E-8229-F872B3C95DAD}"
EndProject
Project("{FAE04EC0-301F-11D3-BF4B-00C04F79EFBC}") = "FruityEd", "FruityEd\FruityEd.csproj", "{632CEF27-C0CF-4657-9B44-7F455659A709}"
EndProject
Global
	GlobalSection(SolutionConfigurationPlatforms) = preSolution
		Debug|Any CPU = Debug|Any CPU
		Debug|ARM = Debug|ARM
		Debug|iPhone = Debug|iPhone
		Debug|iPhoneSimulator = Debug|iPhoneSimulator
		Debug|x64 = Debug|x64
		Debug|x86 = Debug|x86
		Release|Any CPU = Release|Any CPU
		Release|ARM = Release|ARM
		Release|iPhone = Release|iPhone
		Release|iPhoneSimulator = Release|iPhoneSimulator
		Release|x64 = Release|x64
		Release|x86 = Release|x86
	EndGlobalSection
	GlobalSection(ProjectConfigurationPlatforms) = postSolution
		{73AA2A88-C6E5-4810-8CAF-BC610FFB3E50}.Debug|Any CPU.ActiveCfg = Debug|x86
		{73AA2A88-C6E5-4810-8CAF-BC610FFB3E50}.Debug|Any CPU.Build.0 = Debug|x86
		{73AA2A88-C6E5-4810-8CAF-BC610FFB3E50}.Debug|Any CPU.Deploy.0 = Debug|x86
		{73AA2A88-C6E5-4810-8CAF-BC610FFB3E50}.Debug|ARM.ActiveCfg = Debug|ARM
		{73AA2A88-C6E5-4810-8CAF-BC610FFB3E50}.Debug|ARM.Build.0 = Debug|ARM
		{73AA2A88-C6E5-4810-8CAF-BC610FFB3E50}.Debug|ARM.Deploy.0 = Debug|ARM
		{73AA2A88-C6E5-4810-8CAF-BC610FFB3E50}.Debug|iPhone.ActiveCfg = Debug|x86
		{73AA2A88-C6E5-4810-8CAF-BC610FFB3E50}.Debug|iPhone.Build.0 = Debug|x86
		{73AA2A88-C6E5-4810-8CAF-BC610FFB3E50}.Debug|iPhone.Deploy.0 = Debug|x86
		{73AA2A88-C6E5-4810-8CAF-BC610FFB3E50}.Debug|iPhoneSimulator.ActiveCfg = Debug|x86
		{73AA2A88-C6E5-4810-8CAF-BC610FFB3E50}.Debug|iPhoneSimulator.Build.0 = Debug|x86
		{73AA2A88-C6E5-4810-8CAF-BC610FFB3E50}.Debug|iPhoneSimulator.Deploy.0 = Debug|x86
		{73AA2A88-C6E5-4810-8CAF-BC610FFB3E50}.Debug|x64.ActiveCfg = Debug|x64
		{73AA2A88-C6E5-4810-8CAF-BC610FFB3E50}.Debug|x64.Build.0 = Debug|x64
		{73AA2A88-C6E5-4810-8CAF-BC610FFB3E50}.Debug|x64.Deploy.0 = Debug|x64
		{73AA2A88-C6E5-4810-8CAF-BC610FFB3E50}.Debug|x86.ActiveCfg = Debug|x86
		{73AA2A88-C6E5-4810-8CAF-BC610FFB3E50}.Debug|x86.Build.0 = Debug|x86
		{73AA2A88-C6E5-4810-8CAF-BC610FFB3E50}.Debug|x86.Deploy.0 = Debug|x86
		{73AA2A88-C6E5-4810-8CAF-BC610FFB3E50}.Release|Any CPU.ActiveCfg = Release|x86
		{73AA2A88-C6E5-4810-8CAF-BC610FFB3E50}.Release|Any CPU.Build.0 = Release|x86
		{73AA2A88-C6E5-4810-8CAF-BC610FFB3E50}.Release|Any CPU.Deploy.0 = Release|x86
		{73AA2A88-C6E5-4810-8CAF-BC610FFB3E50}.Release|ARM.ActiveCfg = Release|ARM
		{73AA2A88-C6E5-4810-8CAF-BC610FFB3E50}.Release|ARM.Build.0 = Release|ARM
		{73AA2A88-C6E5-4810-8CAF-BC610FFB3E50}.Release|ARM.Deploy.0 = Release|ARM
		{73AA2A88-C6E5-4810-8CAF-BC610FFB3E50}.Release|iPhone.ActiveCfg = Release|x86
		{73AA2A88-C6E5-4810-8CAF-BC610FFB3E50}.Release|iPhone.Build.0 = Release|x86
		{73AA2A88-C6E5-4810-8CAF-BC610FFB3E50}.Release|iPhone.Deploy.0 = Release|x86
		{73AA2A88-C6E5-4810-8CAF-BC610FFB3E50}.Release|iPhoneSimulator.ActiveCfg = Release|x86
		{73AA2A88-C6E5-4810-8CAF-BC610FFB3E50}.Release|iPhoneSimulator.Build.0 = Release|x86
		{73AA2A88-C6E5-4810-8CAF-BC610FFB3E50}.Release|iPhoneSimulator.Deploy.0 = Release|x86
		{73AA2A88-C6E5-4810-8CAF-BC610FFB3E50}.Release|x64.ActiveCfg = Release|x64
		{73AA2A88-C6E5-4810-8CAF-BC610FFB3E50}.Release|x64.Build.0 = Release|x64
		{73AA2A88-C6E5-4810-8CAF-BC610FFB3E50}.Release|x64.Deploy.0 = Release|x64
		{73AA2A88-C6E5-4810-8CAF-BC610FFB3E50}.Release|x86.ActiveCfg = Release|x86
		{73AA2A88-C6E5-4810-8CAF-BC610FFB3E50}.Release|x86.Build.0 = Release|x86
		{73AA2A88-C6E5-4810-8CAF-BC610FFB3E50}.Release|x86.Deploy.0 = Release|x86
		{C0BEF65E-829E-4599-84A1-CD3FF61C598F}.Debug|Any CPU.ActiveCfg = Debug|Any CPU
		{C0BEF65E-829E-4599-84A1-CD3FF61C598F}.Debug|Any CPU.Build.0 = Debug|Any CPU
		{C0BEF65E-829E-4599-84A1-CD3FF61C598F}.Debug|Any CPU.Deploy.0 = Debug|Any CPU
		{C0BEF65E-829E-4599-84A1-CD3FF61C598F}.Debug|ARM.ActiveCfg = Debug|Any CPU
		{C0BEF65E-829E-4599-84A1-CD3FF61C598F}.Debug|ARM.Build.0 = Debug|Any CPU
		{C0BEF65E-829E-4599-84A1-CD3FF61C598F}.Debug|ARM.Deploy.0 = Debug|Any CPU
		{C0BEF65E-829E-4599-84A1-CD3FF61C598F}.Debug|iPhone.ActiveCfg = Debug|Any CPU
		{C0BEF65E-829E-4599-84A1-CD3FF61C598F}.Debug|iPhone.Build.0 = Debug|Any CPU
		{C0BEF65E-829E-4599-84A1-CD3FF61C598F}.Debug|iPhone.Deploy.0 = Debug|Any CPU
		{C0BEF65E-829E-4599-84A1-CD3FF61C598F}.Debug|iPhoneSimulator.ActiveCfg = Debug|Any CPU
		{C0BEF65E-829E-4599-84A1-CD3FF61C598F}.Debug|iPhoneSimulator.Build.0 = Debug|Any CPU
		{C0BEF65E-829E-4599-84A1-CD3FF61C598F}.Debug|iPhoneSimulator.Deploy.0 = Debug|Any CPU
		{C0BEF65E-829E-4599-84A1-CD3FF61C598F}.Debug|x64.ActiveCfg = Debug|Any CPU
		{C0BEF65E-829E-4599-84A1-CD3FF61C598F}.Debug|x64.Build.0 = Debug|Any CPU
		{C0BEF65E-829E-4599-84A1-CD3FF61C598F}.Debug|x64.Deploy.0 = Debug|Any CPU
		{C0BEF65E-829E-4599-84A1-CD3FF61C598F}.Debug|x86.ActiveCfg = Debug|Any CPU
		{C0BEF65E-829E-4599-84A1-CD3FF61C598F}.Debug|x86.Build.0 = Debug|Any CPU
		{C0BEF65E-829E-4599-84A1-CD3FF61C598F}.Debug|x86.Deploy.0 = Debug|Any CPU
		{C0BEF65E-829E-4599-84A1-CD3FF61C598F}.Release|Any CPU.ActiveCfg = Release|Any CPU
		{C0BEF65E-829E-4599-84A1-CD3FF61C598F}.Release|Any CPU.Build.0 = Release|Any CPU
		{C0BEF65E-829E-4599-84A1-CD3FF61C598F}.Release|Any CPU.Deploy.0 = Release|Any CPU
		{C0BEF65E-829E-4599-84A1-CD3FF61C598F}.Release|ARM.ActiveCfg = Release|Any CPU
		{C0BEF65E-829E-4599-84A1-CD3FF61C598F}.Release|ARM.Build.0 = Release|Any CPU
		{C0BEF65E-829E-4599-84A1-CD3FF61C598F}.Release|ARM.Deploy.0 = Release|Any CPU
		{C0BEF65E-829E-4599-84A1-CD3FF61C598F}.Release|iPhone.ActiveCfg = Release|Any CPU
		{C0BEF65E-829E-4599-84A1-CD3FF61C598F}.Release|iPhone.Build.0 = Release|Any CPU
		{C0BEF65E-829E-4599-84A1-CD3FF61C598F}.Release|iPhone.Deploy.0 = Release|Any CPU
		{C0BEF65E-829E-4599-84A1-CD3FF61C598F}.Release|iPhoneSimulator.ActiveCfg = Release|Any CPU
		{C0BEF65E-829E-4599-84A1-CD3FF61C598F}.Release|iPhoneSimulator.Build.0 = Release|Any CPU
		{C0BEF65E-829E-4599-84A1-CD3FF61C598F}.Release|iPhoneSimulator.Deploy.0 = Release|Any CPU
		{C0BEF65E-829E-4599-84A1-CD3FF61C598F}.Release|x64.ActiveCfg = Release|Any CPU
		{C0BEF65E-829E-4599-84A1-CD3FF61C598F}.Release|x64.Build.0 = Release|Any CPU
		{C0BEF65E-829E-4599-84A1-CD3FF61C598F}.Release|x64.Deploy.0 = Release|Any CPU
		{C0BEF65E-829E-4599-84A1-CD3FF61C598F}.Release|x86.ActiveCfg = Release|Any CPU
		{C0BEF65E-829E-4599-84A1-CD3FF61C598F}.Release|x86.Build.0 = Release|Any CPU
		{C0BEF65E-829E-4599-84A1-CD3FF61C598F}.Release|x86.Deploy.0 = Release|Any CPU
		{CE3C96A1-2B39-44F2-9A8C-E4AE9918D7D0}.Debug|Any CPU.ActiveCfg = Debug|iPhone
		{CE3C96A1-2B39-44F2-9A8C-E4AE9918D7D0}.Debug|Any CPU.Build.0 = Debug|iPhone
		{CE3C96A1-2B39-44F2-9A8C-E4AE9918D7D0}.Debug|Any CPU.Deploy.0 = Debug|iPhone
		{CE3C96A1-2B39-44F2-9A8C-E4AE9918D7D0}.Debug|ARM.ActiveCfg = Debug|iPhoneSimulator
		{CE3C96A1-2B39-44F2-9A8C-E4AE9918D7D0}.Debug|ARM.Build.0 = Debug|iPhoneSimulator
		{CE3C96A1-2B39-44F2-9A8C-E4AE9918D7D0}.Debug|ARM.Deploy.0 = Debug|iPhoneSimulator
		{CE3C96A1-2B39-44F2-9A8C-E4AE9918D7D0}.Debug|iPhone.ActiveCfg = Debug|iPhone
		{CE3C96A1-2B39-44F2-9A8C-E4AE9918D7D0}.Debug|iPhone.Build.0 = Debug|iPhone
		{CE3C96A1-2B39-44F2-9A8C-E4AE9918D7D0}.Debug|iPhone.Deploy.0 = Debug|iPhone
		{CE3C96A1-2B39-44F2-9A8C-E4AE9918D7D0}.Debug|iPhoneSimulator.ActiveCfg = Debug|iPhoneSimulator
		{CE3C96A1-2B39-44F2-9A8C-E4AE9918D7D0}.Debug|iPhoneSimulator.Build.0 = Debug|iPhoneSimulator
		{CE3C96A1-2B39-44F2-9A8C-E4AE9918D7D0}.Debug|iPhoneSimulator.Deploy.0 = Debug|iPhoneSimulator
		{CE3C96A1-2B39-44F2-9A8C-E4AE9918D7D0}.Debug|x64.ActiveCfg = Debug|iPhone
		{CE3C96A1-2B39-44F2-9A8C-E4AE9918D7D0}.Debug|x64.Build.0 = Debug|iPhone
		{CE3C96A1-2B39-44F2-9A8C-E4AE9918D7D0}.Debug|x64.Deploy.0 = Debug|iPhone
		{CE3C96A1-2B39-44F2-9A8C-E4AE9918D7D0}.Debug|x86.ActiveCfg = Debug|iPhone
		{CE3C96A1-2B39-44F2-9A8C-E4AE9918D7D0}.Debug|x86.Build.0 = Debug|iPhone
		{CE3C96A1-2B39-44F2-9A8C-E4AE9918D7D0}.Debug|x86.Deploy.0 = Debug|iPhone
		{CE3C96A1-2B39-44F2-9A8C-E4AE9918D7D0}.Release|Any CPU.ActiveCfg = Release|iPhone
		{CE3C96A1-2B39-44F2-9A8C-E4AE9918D7D0}.Release|Any CPU.Build.0 = Release|iPhone
		{CE3C96A1-2B39-44F2-9A8C-E4AE9918D7D0}.Release|Any CPU.Deploy.0 = Release|iPhone
		{CE3C96A1-2B39-44F2-9A8C-E4AE9918D7D0}.Release|ARM.ActiveCfg = Release|iPhone
		{CE3C96A1-2B39-44F2-9A8C-E4AE9918D7D0}.Release|ARM.Build.0 = Release|iPhone
		{CE3C96A1-2B39-44F2-9A8C-E4AE9918D7D0}.Release|ARM.Deploy.0 = Release|iPhone
		{CE3C96A1-2B39-44F2-9A8C-E4AE9918D7D0}.Release|iPhone.ActiveCfg = Release|iPhone
		{CE3C96A1-2B39-44F2-9A8C-E4AE9918D7D0}.Release|iPhone.Build.0 = Release|iPhone
		{CE3C96A1-2B39-44F2-9A8C-E4AE9918D7D0}.Release|iPhone.Deploy.0 = Release|iPhone
		{CE3C96A1-2B39-44F2-9A8C-E4AE9918D7D0}.Release|iPhoneSimulator.ActiveCfg = Release|iPhoneSimulator
		{CE3C96A1-2B39-44F2-9A8C-E4AE9918D7D0}.Release|iPhoneSimulator.Build.0 = Release|iPhoneSimulator
		{CE3C96A1-2B39-44F2-9A8C-E4AE9918D7D0}.Release|iPhoneSimulator.Deploy.0 = Release|iPhoneSimulator
		{CE3C96A1-2B39-44F2-9A8C-E4AE9918D7D0}.Release|x64.ActiveCfg = Release|iPhone
		{CE3C96A1-2B39-44F2-9A8C-E4AE9918D7D0}.Release|x64.Build.0 = Release|iPhone
		{CE3C96A1-2B39-44F2-9A8C-E4AE9918D7D0}.Release|x64.Deploy.0 = Release|iPhone
		{CE3C96A1-2B39-44F2-9A8C-E4AE9918D7D0}.Release|x86.ActiveCfg = Release|iPhone
		{CE3C96A1-2B39-44F2-9A8C-E4AE9918D7D0}.Release|x86.Build.0 = Release|iPhone
		{CE3C96A1-2B39-44F2-9A8C-E4AE9918D7D0}.Release|x86.Deploy.0 = Release|iPhone
		{6FA601F4-7417-4D0E-8229-F872B3C95DAD}.Debug|Any CPU.ActiveCfg = Debug|Any CPU
		{6FA601F4-7417-4D0E-8229-F872B3C95DAD}.Debug|Any CPU.Build.0 = Debug|Any CPU
		{6FA601F4-7417-4D0E-8229-F872B3C95DAD}.Debug|Any CPU.Deploy.0 = Debug|Any CPU
		{6FA601F4-7417-4D0E-8229-F872B3C95DAD}.Debug|ARM.ActiveCfg = Debug|Any CPU
		{6FA601F4-7417-4D0E-8229-F872B3C95DAD}.Debug|ARM.Build.0 = Debug|Any CPU
		{6FA601F4-7417-4D0E-8229-F872B3C95DAD}.Debug|ARM.Deploy.0 = Debug|Any CPU
		{6FA601F4-7417-4D0E-8229-F872B3C95DAD}.Debug|iPhone.ActiveCfg = Debug|Any CPU
		{6FA601F4-7417-4D0E-8229-F872B3C95DAD}.Debug|iPhone.Build.0 = Debug|Any CPU
		{6FA601F4-7417-4D0E-8229-F872B3C95DAD}.Debug|iPhone.Deploy.0 = Debug|Any CPU
		{6FA601F4-7417-4D0E-8229-F872B3C95DAD}.Debug|iPhoneSimulator.ActiveCfg = Debug|Any CPU
		{6FA601F4-7417-4D0E-8229-F872B3C95DAD}.Debug|iPhoneSimulator.Build.0 = Debug|Any CPU
		{6FA601F4-7417-4D0E-8229-F872B3C95DAD}.Debug|iPhoneSimulator.Deploy.0 = Debug|Any CPU
		{6FA601F4-7417-4D0E-8229-F872B3C95DAD}.Debug|x64.ActiveCfg = Debug|Any CPU
		{6FA601F4-7417-4D0E-8229-F872B3C95DAD}.Debug|x64.Build.0 = Debug|Any CPU
		{6FA601F4-7417-4D0E-8229-F872B3C95DAD}.Debug|x64.Deploy.0 = Debug|Any CPU
		{6FA601F4-7417-4D0E-8229-F872B3C95DAD}.Debug|x86.ActiveCfg = Debug|Any CPU
		{6FA601F4-7417-4D0E-8229-F872B3C95DAD}.Debug|x86.Build.0 = Debug|Any CPU
		{6FA601F4-7417-4D0E-8229-F872B3C95DAD}.Debug|x86.Deploy.0 = Debug|Any CPU
		{6FA601F4-7417-4D0E-8229-F872B3C95DAD}.Release|Any CPU.ActiveCfg = Release|Any CPU
		{6FA601F4-7417-4D0E-8229-F872B3C95DAD}.Release|Any CPU.Build.0 = Release|Any CPU
		{6FA601F4-7417-4D0E-8229-F872B3C95DAD}.Release|Any CPU.Deploy.0 = Release|Any CPU
		{6FA601F4-7417-4D0E-8229-F872B3C95DAD}.Release|ARM.ActiveCfg = Release|Any CPU
		{6FA601F4-7417-4D0E-8229-F872B3C95DAD}.Release|ARM.Build.0 = Release|Any CPU
		{6FA601F4-7417-4D0E-8229-F872B3C95DAD}.Release|ARM.Deploy.0 = Release|Any CPU
		{6FA601F4-7417-4D0E-8229-F872B3C95DAD}.Release|iPhone.ActiveCfg = Release|Any CPU
		{6FA601F4-7417-4D0E-8229-F872B3C95DAD}.Release|iPhone.Build.0 = Release|Any CPU
		{6FA601F4-7417-4D0E-8229-F872B3C95DAD}.Release|iPhone.Deploy.0 = Release|Any CPU
		{6FA601F4-7417-4D0E-8229-F872B3C95DAD}.Release|iPhoneSimulator.ActiveCfg = Release|Any CPU
		{6FA601F4-7417-4D0E-8229-F872B3C95DAD}.Release|iPhoneSimulator.Build.0 = Release|Any CPU
		{6FA601F4-7417-4D0E-8229-F872B3C95DAD}.Release|iPhoneSimulator.Deploy.0 = Release|Any CPU
		{6FA601F4-7417-4D0E-8229-F872B3C95DAD}.Release|x64.ActiveCfg = Release|Any CPU
		{6FA601F4-7417-4D0E-8229-F872B3C95DAD}.Release|x64.Build.0 = Release|Any CPU
		{6FA601F4-7417-4D0E-8229-F872B3C95DAD}.Release|x64.Deploy.0 = Release|Any CPU
		{6FA601F4-7417-4D0E-8229-F872B3C95DAD}.Release|x86.ActiveCfg = Release|Any CPU
		{6FA601F4-7417-4D0E-8229-F872B3C95DAD}.Release|x86.Build.0 = Release|Any CPU
		{6FA601F4-7417-4D0E-8229-F872B3C95DAD}.Release|x86.Deploy.0 = Release|Any CPU
		{632CEF27-C0CF-4657-9B44-7F455659A709}.Debug|Any CPU.ActiveCfg = Debug|Any CPU
		{632CEF27-C0CF-4657-9B44-7F455659A709}.Debug|Any CPU.Build.0 = Debug|Any CPU
		{632CEF27-C0CF-4657-9B44-7F455659A709}.Debug|Any CPU.Deploy.0 = Debug|Any CPU
		{632CEF27-C0CF-4657-9B44-7F455659A709}.Debug|ARM.ActiveCfg = Debug|Any CPU
		{632CEF27-C0CF-4657-9B44-7F455659A709}.Debug|ARM.Build.0 = Debug|Any CPU
		{632CEF27-C0CF-4657-9B44-7F455659A709}.Debug|ARM.Deploy.0 = Debug|Any CPU
		{632CEF27-C0CF-4657-9B44-7F455659A709}.Debug|iPhone.ActiveCfg = Debug|Any CPU
		{632CEF27-C0CF-4657-9B44-7F455659A709}.Debug|iPhone.Build.0 = Debug|Any CPU
		{632CEF27-C0CF-4657-9B44-7F455659A709}.Debug|iPhone.Deploy.0 = Debug|Any CPU
		{632CEF27-C0CF-4657-9B44-7F455659A709}.Debug|iPhoneSimulator.ActiveCfg = Debug|Any CPU
		{632CEF27-C0CF-4657-9B44-7F455659A709}.Debug|iPhoneSimulator.Build.0 = Debug|Any CPU
		{632CEF27-C0CF-4657-9B44-7F455659A709}.Debug|iPhoneSimulator.Deploy.0 = Debug|Any CPU
		{632CEF27-C0CF-4657-9B44-7F455659A709}.Debug|x64.ActiveCfg = Debug|Any CPU
		{632CEF27-C0CF-4657-9B44-7F455659A709}.Debug|x64.Build.0 = Debug|Any CPU
		{632CEF27-C0CF-4657-9B44-7F455659A709}.Debug|x64.Deploy.0 = Debug|Any CPU
		{632CEF27-C0CF-4657-9B44-7F455659A709}.Debug|x86.ActiveCfg = Debug|Any CPU
		{632CEF27-C0CF-4657-9B44-7F455659A709}.Debug|x86.Build.0 = Debug|Any CPU
		{632CEF27-C0CF-4657-9B44-7F455659A709}.Debug|x86.Deploy.0 = Debug|Any CPU
		{632CEF27-C0CF-4657-9B44-7F455659A709}.Release|Any CPU.ActiveCfg = Release|Any CPU
		{632CEF27-C0CF-4657-9B44-7F455659A709}.Release|Any CPU.Build.0 = Release|Any CPU
		{632CEF27-C0CF-4657-9B44-7F455659A709}.Release|Any CPU.Deploy.0 = Release|Any CPU
		{632CEF27-C0CF-4657-9B44-7F455659A709}.Release|ARM.ActiveCfg = Release|Any CPU
		{632CEF27-C0CF-4657-9B44-7F455659A709}.Release|ARM.Build.0 = Release|Any CPU
		{632CEF27-C0CF-4657-9B44-7F455659A709}.Release|ARM.Deploy.0 = Release|Any CPU
		{632CEF27-C0CF-4657-9B44-7F455659A709}.Release|iPhone.ActiveCfg = Release|Any CPU
		{632CEF27-C0CF-4657-9B44-7F455659A709}.Release|iPhone.Build.0 = Release|Any CPU
		{632CEF27-C0CF-4657-9B44-7F455659A709}.Release|iPhone.Deploy.0 = Release|Any CPU
		{632CEF27-C0CF-4657-9B44-7F455659A709}.Release|iPhoneSimulator.ActiveCfg = Release|Any CPU
		{632CEF27-C0CF-4657-9B44-7F455659A709}.Release|iPhoneSimulator.Build.0 = Release|Any CPU
		{632CEF27-C0CF-4657-9B44-7F455659A709}.Release|iPhoneSimulator.Deploy.0 = Release|Any CPU
		{632CEF27-C0CF-4657-9B44-7F455659A709}.Release|x64.ActiveCfg = Release|Any CPU
		{632CEF27-C0CF-4657-9B44-7F455659A709}.Release|x64.Build.0 = Release|Any CPU
		{632CEF27-C0CF-4657-9B44-7F455659A709}.Release|x64.Deploy.0 = Release|Any CPU
		{632CEF27-C0CF-4657-9B44-7F455659A709}.Release|x86.ActiveCfg = Release|Any CPU
		{632CEF27-C0CF-4657-9B44-7F455659A709}.Release|x86.Build.0 = Release|Any CPU
		{632CEF27-C0CF-4657-9B44-7F455659A709}.Release|x86.Deploy.0 = Release|Any CPU
	EndGlobalSection
	GlobalSection(SolutionProperties) = preSolution
		HideSolutionNode = FALSE
	EndGlobalSection
	GlobalSection(ExtensibilityGlobals) = postSolution
		SolutionGuid = {D1488570-A2D5-40DB-8D42-304F3BABD3D7}
	EndGlobalSection
EndGlobal
